
Microsoft Visual Studio Solution File, Format Version 12.00
# Visual Studio Version 16
VisualStudioVersion = 16.0.32228.343
MinimumVisualStudioVersion = 10.0.40219.1
Project("{54435603-DBB4-11D2-8724-00A0C9A8B90C}") = "Setup1", "Setup1\Setup1.vdproj", "{885BEEA9-DECA-4FDA-BBCD-06DA579494A4}"
EndProject
Global
	GlobalSection(SolutionConfigurationPlatforms) = preSolution
		Debug|Default = Debug|Default
		Release|Default = Release|Default
	EndGlobalSection
	GlobalSection(ProjectConfigurationPlatforms) = postSolution
		{885BEEA9-DECA-4FDA-BBCD-06DA579494A4}.Debug|Default.ActiveCfg = Debug
		{885BEEA9-DECA-4FDA-BBCD-06DA579494A4}.Debug|Default.Build.0 = Debug
		{885BEEA9-DECA-4FDA-BBCD-06DA579494A4}.Release|Default.ActiveCfg = Release
		{885BEEA9-DECA-4FDA-BBCD-06DA579494A4}.Release|Default.Build.0 = Release
	EndGlobalSection
	GlobalSection(SolutionProperties) = preSolution
		HideSolutionNode = FALSE
	EndGlobalSection
	GlobalSection(ExtensibilityGlobals) = postSolution
		SolutionGuid = {400C9A19-7711-4CEA-92E7-1A05AF19E4F4}
	EndGlobalSection
EndGlobal
