
Microsoft Visual Studio Solution File, Format Version 12.00
# Visual Studio Version 16
VisualStudioVersion = 16.0.32228.343
MinimumVisualStudioVersion = 10.0.40219.1
Project("{54435603-DBB4-11D2-8724-00A0C9A8B90C}") = "SetupKey", "SetupKey\SetupKey.vdproj", "{2642CB7A-58AD-4780-90B3-A26075D0EDCE}"
EndProject
Project("{54435603-DBB4-11D2-8724-00A0C9A8B90C}") = "Setup1", "Setup1\Setup1.vdproj", "{34A7A71A-AAFB-4528-BEAE-95A54F3C5515}"
EndProject
Global
	GlobalSection(SolutionConfigurationPlatforms) = preSolution
		Debug|Default = Debug|Default
		Release|Default = Release|Default
	EndGlobalSection
	GlobalSection(ProjectConfigurationPlatforms) = postSolution
		{2642CB7A-58AD-4780-90B3-A26075D0EDCE}.Debug|Default.ActiveCfg = Debug
		{2642CB7A-58AD-4780-90B3-A26075D0EDCE}.Release|Default.ActiveCfg = Release
		{34A7A71A-AAFB-4528-BEAE-95A54F3C5515}.Debug|Default.ActiveCfg = Debug
		{34A7A71A-AAFB-4528-BEAE-95A54F3C5515}.Release|Default.ActiveCfg = Release
	EndGlobalSection
	GlobalSection(SolutionProperties) = preSolution
		HideSolutionNode = FALSE
	EndGlobalSection
	GlobalSection(ExtensibilityGlobals) = postSolution
		SolutionGuid = {400C9A19-7711-4CEA-92E7-1A05AF19E4F4}
	EndGlobalSection
EndGlobal
